
Microsoft Visual Studio Solution File, Format Version 12.00
# Visual Studio Version 17
VisualStudioVersion = 17.11.35222.181
MinimumVisualStudioVersion = 10.0.40219.1
Project("{2150E333-8FDC-42A3-9474-1A3956D46DE8}") = "Services", "Services", "{0A48CE7D-8715-4F4E-B99F-3D611DE9484E}"
EndProject
Project("{2150E333-8FDC-42A3-9474-1A3956D46DE8}") = "Basket", "Basket", "{626FA4AE-4C79-465A-A5D9-3C7BDEE61B7B}"
EndProject
Project("{2150E333-8FDC-42A3-9474-1A3956D46DE8}") = "Catalog", "Catalog", "{3493CD96-FD78-4181-9FF2-08A6AE9C644F}"
EndProject
Project("{2150E333-8FDC-42A3-9474-1A3956D46DE8}") = "Discount", "Discount", "{8EB8F281-0694-4DB0-933D-110266FA9365}"
EndProject
Project("{2150E333-8FDC-42A3-9474-1A3956D46DE8}") = "Ordering", "Ordering", "{9D59C1FD-4FDA-400C-BFD9-D0A763A81FF9}"
EndProject
Project("{9A19103F-16F7-4668-BE54-9A1E7A4F7556}") = "Catalog.API", "Services\Catalog\Catalog.API\Catalog.API.csproj", "{65ADA443-D6D9-44E8-92E0-E014CB3A4CA2}"
EndProject
Project("{2150E333-8FDC-42A3-9474-1A3956D46DE8}") = "BuildingBlocks", "BuildingBlocks", "{7F078CF2-1C31-4D90-B889-A51212F2490A}"
EndProject
Project("{9A19103F-16F7-4668-BE54-9A1E7A4F7556}") = "BuildingBlocks", "BuildingBlocks\BuildingBlocks\BuildingBlocks.csproj", "{DF9C42EF-D693-4110-950B-AB251A9E6E6F}"
EndProject
Project("{E53339B2-1760-4266-BCC7-CA923CBCF16C}") = "docker-compose", "docker-compose.dcproj", "{21BBC69A-AD25-4331-AA91-C57A4CB54E71}"
EndProject
Project("{9A19103F-16F7-4668-BE54-9A1E7A4F7556}") = "Basket.API", "Services\Basket\Basket.API\Basket.API.csproj", "{99BA5618-54E2-480F-A0AB-63CC43A8D9E8}"
EndProject
Project("{FAE04EC0-301F-11D3-BF4B-00C04F79EFBC}") = "Discount.Grpc", "Services\Discount\Discount.Grpc\Discount.Grpc.csproj", "{FB6C344D-9278-4CED-9381-5966C358FBFB}"
EndProject
Global
	GlobalSection(SolutionConfigurationPlatforms) = preSolution
		Debug|Any CPU = Debug|Any CPU
		Release|Any CPU = Release|Any CPU
	EndGlobalSection
	GlobalSection(ProjectConfigurationPlatforms) = postSolution
		{65ADA443-D6D9-44E8-92E0-E014CB3A4CA2}.Debug|Any CPU.ActiveCfg = Debug|Any CPU
		{65ADA443-D6D9-44E8-92E0-E014CB3A4CA2}.Debug|Any CPU.Build.0 = Debug|Any CPU
		{65ADA443-D6D9-44E8-92E0-E014CB3A4CA2}.Release|Any CPU.ActiveCfg = Release|Any CPU
		{65ADA443-D6D9-44E8-92E0-E014CB3A4CA2}.Release|Any CPU.Build.0 = Release|Any CPU
		{DF9C42EF-D693-4110-950B-AB251A9E6E6F}.Debug|Any CPU.ActiveCfg = Debug|Any CPU
		{DF9C42EF-D693-4110-950B-AB251A9E6E6F}.Debug|Any CPU.Build.0 = Debug|Any CPU
		{DF9C42EF-D693-4110-950B-AB251A9E6E6F}.Release|Any CPU.ActiveCfg = Release|Any CPU
		{DF9C42EF-D693-4110-950B-AB251A9E6E6F}.Release|Any CPU.Build.0 = Release|Any CPU
		{21BBC69A-AD25-4331-AA91-C57A4CB54E71}.Debug|Any CPU.ActiveCfg = Debug|Any CPU
		{21BBC69A-AD25-4331-AA91-C57A4CB54E71}.Debug|Any CPU.Build.0 = Debug|Any CPU
		{21BBC69A-AD25-4331-AA91-C57A4CB54E71}.Release|Any CPU.ActiveCfg = Release|Any CPU
		{21BBC69A-AD25-4331-AA91-C57A4CB54E71}.Release|Any CPU.Build.0 = Release|Any CPU
		{99BA5618-54E2-480F-A0AB-63CC43A8D9E8}.Debug|Any CPU.ActiveCfg = Debug|Any CPU
		{99BA5618-54E2-480F-A0AB-63CC43A8D9E8}.Debug|Any CPU.Build.0 = Debug|Any CPU
		{99BA5618-54E2-480F-A0AB-63CC43A8D9E8}.Release|Any CPU.ActiveCfg = Release|Any CPU
		{99BA5618-54E2-480F-A0AB-63CC43A8D9E8}.Release|Any CPU.Build.0 = Release|Any CPU
		{FB6C344D-9278-4CED-9381-5966C358FBFB}.Debug|Any CPU.ActiveCfg = Debug|Any CPU
		{FB6C344D-9278-4CED-9381-5966C358FBFB}.Debug|Any CPU.Build.0 = Debug|Any CPU
		{FB6C344D-9278-4CED-9381-5966C358FBFB}.Release|Any CPU.ActiveCfg = Release|Any CPU
		{FB6C344D-9278-4CED-9381-5966C358FBFB}.Release|Any CPU.Build.0 = Release|Any CPU
	EndGlobalSection
	GlobalSection(SolutionProperties) = preSolution
		HideSolutionNode = FALSE
	EndGlobalSection
	GlobalSection(NestedProjects) = preSolution
		{626FA4AE-4C79-465A-A5D9-3C7BDEE61B7B} = {0A48CE7D-8715-4F4E-B99F-3D611DE9484E}
		{3493CD96-FD78-4181-9FF2-08A6AE9C644F} = {0A48CE7D-8715-4F4E-B99F-3D611DE9484E}
		{8EB8F281-0694-4DB0-933D-110266FA9365} = {0A48CE7D-8715-4F4E-B99F-3D611DE9484E}
		{9D59C1FD-4FDA-400C-BFD9-D0A763A81FF9} = {0A48CE7D-8715-4F4E-B99F-3D611DE9484E}
		{65ADA443-D6D9-44E8-92E0-E014CB3A4CA2} = {3493CD96-FD78-4181-9FF2-08A6AE9C644F}
		{DF9C42EF-D693-4110-950B-AB251A9E6E6F} = {7F078CF2-1C31-4D90-B889-A51212F2490A}
		{99BA5618-54E2-480F-A0AB-63CC43A8D9E8} = {626FA4AE-4C79-465A-A5D9-3C7BDEE61B7B}
		{FB6C344D-9278-4CED-9381-5966C358FBFB} = {8EB8F281-0694-4DB0-933D-110266FA9365}
	EndGlobalSection
	GlobalSection(ExtensibilityGlobals) = postSolution
		SolutionGuid = {AEA35884-3167-463E-973E-34A9D9C21D7A}
	EndGlobalSection
EndGlobal
